
Microsoft Visual Studio Solution File, Format Version 12.00
# Visual Studio Version 16
VisualStudioVersion = 16.0.31321.278
MinimumVisualStudioVersion = 10.0.40219.1
Project("{FAE04EC0-301F-11D3-BF4B-00C04F79EFBC}") = "1811064697_Pham_Gia_Duc_BigSchool", "1811064697_Pham_Gia_Duc_BigSchool\1811064697_Pham_Gia_Duc_BigSchool.csproj", "{CEEE0507-FADE-4B1C-AD4D-804946A213EF}"
EndProject
Global
	GlobalSection(SolutionConfigurationPlatforms) = preSolution
		Debug|Any CPU = Debug|Any CPU
		Release|Any CPU = Release|Any CPU
	EndGlobalSection
	GlobalSection(ProjectConfigurationPlatforms) = postSolution
		{CEEE0507-FADE-4B1C-AD4D-804946A213EF}.Debug|Any CPU.ActiveCfg = Debug|Any CPU
		{CEEE0507-FADE-4B1C-AD4D-804946A213EF}.Debug|Any CPU.Build.0 = Debug|Any CPU
		{CEEE0507-FADE-4B1C-AD4D-804946A213EF}.Release|Any CPU.ActiveCfg = Release|Any CPU
		{CEEE0507-FADE-4B1C-AD4D-804946A213EF}.Release|Any CPU.Build.0 = Release|Any CPU
	EndGlobalSection
	GlobalSection(SolutionProperties) = preSolution
		HideSolutionNode = FALSE
	EndGlobalSection
	GlobalSection(ExtensibilityGlobals) = postSolution
		SolutionGuid = {1E0F1CA0-7E84-4D50-B5F9-AD5E1EDD0619}
	EndGlobalSection
EndGlobal
